dependencies:
  idf:
    source:
      type: idf
    version: 5.5.0
  joltwallet/littlefs:
    component_hash: 1808d73e99168f6f3c26dd31799a248484762b3a320ec4962dec11a145f4277f
    dependencies:
    - name: idf
      require: private
      version: '>=5.0'
    source:
      registry_url: https://components.espressif.com/
      type: service
    version: 1.20.3
direct_dependencies:
- joltwallet/littlefs
manifest_hash: 05ea3f8368ad0db09984361ff793aee9209df2181c37f52b80849be1f96b18a5
target: esp32
version: 2.0.0
